
Microsoft Visual Studio Solution File, Format Version 12.00
# Visual Studio Version 17
VisualStudioVersion = 17.7.34202.233
MinimumVisualStudioVersion = 10.0.40219.1
Project("{FAE04EC0-301F-11D3-BF4B-00C04F79EFBC}") = "ScheduleGenerator", "ScheduleGenerator\ScheduleGenerator.csproj", "{39D8E2AE-09B0-421E-B17B-AB5E3BDFBCFC}"
EndProject
Global
	GlobalSection(SolutionConfigurationPlatforms) = preSolution
		Debug|Any CPU = Debug|Any CPU
		Release|Any CPU = Release|Any CPU
	EndGlobalSection
	GlobalSection(ProjectConfigurationPlatforms) = postSolution
		{39D8E2AE-09B0-421E-B17B-AB5E3BDFBCFC}.Debug|Any CPU.ActiveCfg = Debug|Any CPU
		{39D8E2AE-09B0-421E-B17B-AB5E3BDFBCFC}.Debug|Any CPU.Build.0 = Debug|Any CPU
		{39D8E2AE-09B0-421E-B17B-AB5E3BDFBCFC}.Release|Any CPU.ActiveCfg = Release|Any CPU
		{39D8E2AE-09B0-421E-B17B-AB5E3BDFBCFC}.Release|Any CPU.Build.0 = Release|Any CPU
	EndGlobalSection
	GlobalSection(SolutionProperties) = preSolution
		HideSolutionNode = FALSE
	EndGlobalSection
	GlobalSection(ExtensibilityGlobals) = postSolution
		SolutionGuid = {1F4C2DCC-6A4B-4B01-BE1D-BAD5B4FD8CC2}
	EndGlobalSection
EndGlobal
